{
    "_meta": {
        "hash": {
            "sha256": "853aeb3010ecf92a53f050e5059a7b62038eecc119a967e663f473b9c6bfee78"
        },
        "pipfile-spec": 6,
        "requires": {
            "python_version": "3.8"
        },
        "sources": [
            {
                "name": "pypi",
                "url": "https://pypi.org/simple",
                "verify_ssl": true
            }
        ]
    },
    "default": {
        "click": {
            "hashes": [
                "sha256:353f466495adaeb40b6b5f592f9f91cb22372351c84caeb068132442a4518ef3",
                "sha256:410e932b050f5eed773c4cda94de75971c89cdb3155a72a0831139a79e5ecb5b"
            ],
            "index": "pypi",
            "version": "==8.0.3"
        },
        "getch": {
            "hashes": [
                "sha256:a6c22717c10051ce65b8fb7bddb171af705b1175e694a73be956990f6089d8b1",
                "sha256:be451438f7a2b389f96753aea39b6ed2540a390f1b9a12badcbc110cf9a5ce7f"
            ],
            "index": "pypi",
            "version": "==1.0"
        },
        "more-itertools": {
            "hashes": [
                "sha256:43e6dd9942dffd72661a2c4ef383ad7da1e6a3e968a927ad7a6083ab410a688b",
                "sha256:7dc6ad46f05f545f900dd59e8dfb4e84a4827b97b3cfecb175ea0c7d247f6064"
            ],
            "index": "pypi",
            "version": "==8.12.0"
        },
        "parse": {
            "hashes": [
                "sha256:9ff82852bcb65d139813e2a5197627a94966245c897796760a3a2a8eb66f020b"
            ],
            "index": "pypi",
            "version": "==1.19.0"
        },
        "tqdm": {
            "hashes": [
                "sha256:8dd278a422499cd6b727e6ae4061c40b48fce8b76d1ccbf5d34fca9b7f925b0c",
                "sha256:d359de7217506c9851b7869f3708d8ee53ed70a1b8edbba4dbcb47442592920d"
            ],
            "index": "pypi",
            "version": "==4.62.3"
        }
    },
    "develop": {}
}
